// !$*UTF8*$!
{
	archiveVersion = 1;
	classes = {
	};
	objectVersion = 55;
	objects = {

/* Begin PBXBuildFile section */
		661C828528F5AA920084AA89 /* AppDelegate.swift in Sources */ = {isa = PBXBuildFile; fileRef = 661C828428F5AA920084AA89 /* AppDelegate.swift */; };
		661C828728F5AA920084AA89 /* SceneDelegate.swift in Sources */ = {isa = PBXBuildFile; fileRef = 661C828628F5AA920084AA89 /* SceneDelegate.swift */; };
		661C828928F5AA920084AA89 /* ViewController.swift in Sources */ = {isa = PBXBuildFile; fileRef = 661C828828F5AA920084AA89 /* ViewController.swift */; };
		661C828C28F5AA920084AA89 /* Main.storyboard in Resources */ = {isa = PBXBuildFile; fileRef = 661C828A28F5AA920084AA89 /* Main.storyboard */; };
		661C828E28F5AA930084AA89 /* Assets.xcassets in Resources */ = {isa = PBXBuildFile; fileRef = 661C828D28F5AA930084AA89 /* Assets.xcassets */; };
		661C829128F5AA930084AA89 /* LaunchScreen.storyboard in Resources */ = {isa = PBXBuildFile; fileRef = 661C828F28F5AA930084AA89 /* LaunchScreen.storyboard */; };
		661C829C28F5AA930084AA89 /* Hello_world_final_projectTests.swift in Sources */ = {isa = PBXBuildFile; fileRef = 661C829B28F5AA930084AA89 /* Hello_world_final_projectTests.swift */; };
		661C82A628F5AA930084AA89 /* Hello_world_final_projectUITests.swift in Sources */ = {isa = PBXBuildFile; fileRef = 661C82A528F5AA930084AA89 /* Hello_world_final_projectUITests.swift */; };
		661C82A828F5AA930084AA89 /* Hello_world_final_projectUITestsLaunchTests.swift in Sources */ = {isa = PBXBuildFile; fileRef = 661C82A728F5AA930084AA89 /* Hello_world_final_projectUITestsLaunchTests.swift */; };
/* End PBXBuildFile section */

/* Begin PBXContainerItemProxy section */
		661C829828F5AA930084AA89 /* PBXContainerItemProxy */ = {
			isa = PBXContainerItemProxy;
			containerPortal = 661C827928F5AA920084AA89 /* Project object */;
			proxyType = 1;
			remoteGlobalIDString = 661C828028F5AA920084AA89;
			remoteInfo = "Hello world final project";
		};
		661C82A228F5AA930084AA89 /* PBXContainerItemProxy */ = {
			isa = PBXContainerItemProxy;
			containerPortal = 661C827928F5AA920084AA89 /* Project object */;
			proxyType = 1;
			remoteGlobalIDString = 661C828028F5AA920084AA89;
			remoteInfo = "Hello world final project";
		};
/* End PBXContainerItemProxy section */

/* Begin PBXFileReference section */
		661C828128F5AA920084AA89 /* Hello world final project.app */ = {isa = PBXFileReference; explicitFileType = wrapper.application; includeInIndex = 0; path = "Hello world final project.app"; sourceTree = BUILT_PRODUCTS_DIR; };
		661C828428F5AA920084AA89 /* AppDelegate.swift */ = {isa = PBXFileReference; lastKnownFileType = sourcecode.swift; path = AppDelegate.swift; sourceTree = "<group>"; };
		661C828628F5AA920084AA89 /* SceneDelegate.swift */ = {isa = PBXFileReference; lastKnownFileType = sourcecode.swift; path = SceneDelegate.swift; sourceTree = "<group>"; };
		661C828828F5AA920084AA89 /* ViewController.swift */ = {isa = PBXFileReference; lastKnownFileType = sourcecode.swift; path = ViewController.swift; sourceTree = "<group>"; };
		661C828B28F5AA920084AA89 /* Base */ = {isa = PBXFileReference; lastKnownFileType = file.storyboard; name = Base; path = Base.lproj/Main.storyboard; sourceTree = "<group>"; };
		661C828D28F5AA930084AA89 /* Assets.xcassets */ = {isa = PBXFileReference; lastKnownFileType = folder.assetcatalog; path = Assets.xcassets; sourceTree = "<group>"; };
		661C829028F5AA930084AA89 /* Base */ = {isa = PBXFileReference; lastKnownFileType = file.storyboard; name = Base; path = Base.lproj/LaunchScreen.storyboard; sourceTree = "<group>"; };
		661C829228F5AA930084AA89 /* Info.plist */ = {isa = PBXFileReference; lastKnownFileType = text.plist.xml; path = Info.plist; sourceTree = "<group>"; };
		661C829728F5AA930084AA89 /* Hello world final projectTests.xctest */ = {isa = PBXFileReference; explicitFileType = wrapper.cfbundle; includeInIndex = 0; path = "Hello world final projectTests.xctest"; sourceTree = BUILT_PRODUCTS_DIR; };
		661C829B28F5AA930084AA89 /* Hello_world_final_projectTests.swift */ = {isa = PBXFileReference; lastKnownFileType = sourcecode.swift; path = Hello_world_final_projectTests.swift; sourceTree = "<group>"; };
		661C82A128F5AA930084AA89 /* Hello world final projectUITests.xctest */ = {isa = PBXFileReference; explicitFileType = wrapper.cfbundle; includeInIndex = 0; path = "Hello world final projectUITests.xctest"; sourceTree = BUILT_PRODUCTS_DIR; };
		661C82A528F5AA930084AA89 /* Hello_world_final_projectUITests.swift */ = {isa = PBXFileReference; lastKnownFileType = sourcecode.swift; path = Hello_world_final_projectUITests.swift; sourceTree = "<group>"; };
		661C82A728F5AA930084AA89 /* Hello_world_final_projectUITestsLaunchTests.swift */ = {isa = PBXFileReference; lastKnownFileType = sourcecode.swift; path = Hello_world_final_projectUITestsLaunchTests.swift; sourceTree = "<group>"; };
/* End PBXFileReference section */

/* Begin PBXFrameworksBuildPhase section */
		661C827E28F5AA920084AA89 /* Frameworks */ = {
			isa = PBXFrameworksBuildPhase;
			buildActionMask = 2147483647;
			files = (
			);
			runOnlyForDeploymentPostprocessing = 0;
		};
		661C829428F5AA930084AA89 /* Frameworks */ = {
			isa = PBXFrameworksBuildPhase;
			buildActionMask = 2147483647;
			files = (
			);
			runOnlyForDeploymentPostprocessing = 0;
		};
		661C829E28F5AA930084AA89 /* Frameworks */ = {
			isa = PBXFrameworksBuildPhase;
			buildActionMask = 2147483647;
			files = (
			);
			runOnlyForDeploymentPostprocessing = 0;
		};
/* End PBXFrameworksBuildPhase section */

/* Begin PBXGroup section */
		661C827828F5AA920084AA89 = {
			isa = PBXGroup;
			children = (
				661C828328F5AA920084AA89 /* Hello world final project */,
				661C829A28F5AA930084AA89 /* Hello world final projectTests */,
				661C82A428F5AA930084AA89 /* Hello world final projectUITests */,
				661C828228F5AA920084AA89 /* Products */,
			);
			sourceTree = "<group>";
		};
		661C828228F5AA920084AA89 /* Products */ = {
			isa = PBXGroup;
			children = (
				661C828128F5AA920084AA89 /* Hello world final project.app */,
				661C829728F5AA930084AA89 /* Hello world final projectTests.xctest */,
				661C82A128F5AA930084AA89 /* Hello world final projectUITests.xctest */,
			);
			name = Products;
			sourceTree = "<group>";
		};
		661C828328F5AA920084AA89 /* Hello world final project */ = {
			isa = PBXGroup;
			children = (
				661C828428F5AA920084AA89 /* AppDelegate.swift */,
				661C828628F5AA920084AA89 /* SceneDelegate.swift */,
				661C828828F5AA920084AA89 /* ViewController.swift */,
				661C828A28F5AA920084AA89 /* Main.storyboard */,
				661C828D28F5AA930084AA89 /* Assets.xcassets */,
				661C828F28F5AA930084AA89 /* LaunchScreen.storyboard */,
				661C829228F5AA930084AA89 /* Info.plist */,
			);
			path = "Hello world final project";
			sourceTree = "<group>";
		};
		661C829A28F5AA930084AA89 /* Hello world final projectTests */ = {
			isa = PBXGroup;
			children = (
				661C829B28F5AA930084AA89 /* Hello_world_final_projectTests.swift */,
			);
			path = "Hello world final projectTests";
			sourceTree = "<group>";
		};
		661C82A428F5AA930084AA89 /* Hello world final projectUITests */ = {
			isa = PBXGroup;
			children = (
				661C82A528F5AA930084AA89 /* Hello_world_final_projectUITests.swift */,
				661C82A728F5AA930084AA89 /* Hello_world_final_projectUITestsLaunchTests.swift */,
			);
			path = "Hello world final projectUITests";
			sourceTree = "<group>";
		};
/* End PBXGroup section */

/* Begin PBXNativeTarget section */
		661C828028F5AA920084AA89 /* Hello world final project */ = {
			isa = PBXNativeTarget;
			buildConfigurationList = 661C82AB28F5AA930084AA89 /* Build configuration list for PBXNativeTarget "Hello world final project" */;
			buildPhases = (
				661C827D28F5AA920084AA89 /* Sources */,
				661C827E28F5AA920084AA89 /* Frameworks */,
				661C827F28F5AA920084AA89 /* Resources */,
			);
			buildRules = (
			);
			dependencies = (
			);
			name = "Hello world final project";
			productName = "Hello world final project";
			productReference = 661C828128F5AA920084AA89 /* Hello world final project.app */;
			productType = "com.apple.product-type.application";
		};
		661C829628F5AA930084AA89 /* Hello world final projectTests */ = {
			isa = PBXNativeTarget;
			buildConfigurationList = 661C82AE28F5AA930084AA89 /* Build configuration list for PBXNativeTarget "Hello world final projectTests" */;
			buildPhases = (
				661C829328F5AA930084AA89 /* Sources */,
				661C829428F5AA930084AA89 /* Frameworks */,
				661C829528F5AA930084AA89 /* Resources */,
			);
			buildRules = (
			);
			dependencies = (
				661C829928F5AA930084AA89 /* PBXTargetDependency */,
			);
			name = "Hello world final projectTests";
			productName = "Hello world final projectTests";
			productReference = 661C829728F5AA930084AA89 /* Hello world final projectTests.xctest */;
			productType = "com.apple.product-type.bundle.unit-test";
		};
		661C82A028F5AA930084AA89 /* Hello world final projectUITests */ = {
			isa = PBXNativeTarget;
			buildConfigurationList = 661C82B128F5AA930084AA89 /* Build configuration list for PBXNativeTarget "Hello world final projectUITests" */;
			buildPhases = (
				661C829D28F5AA930084AA89 /* Sources */,
				661C829E28F5AA930084AA89 /* Frameworks */,
				661C829F28F5AA930084AA89 /* Resources */,
			);
			buildRules = (
			);
			dependencies = (
				661C82A328F5AA930084AA89 /* PBXTargetDependency */,
			);
			name = "Hello world final projectUITests";
			productName = "Hello world final projectUITests";
			productReference = 661C82A128F5AA930084AA89 /* Hello world final projectUITests.xctest */;
			productType = "com.apple.product-type.bundle.ui-testing";
		};
/* End PBXNativeTarget section */

/* Begin PBXProject section */
		661C827928F5AA920084AA89 /* Project object */ = {
			isa = PBXProject;
			attributes = {
				BuildIndependentTargetsInParallel = 1;
				LastSwiftUpdateCheck = 1340;
				LastUpgradeCheck = 1340;
				TargetAttributes = {
					661C828028F5AA920084AA89 = {
						CreatedOnToolsVersion = 13.4.1;
					};
					661C829628F5AA930084AA89 = {
						CreatedOnToolsVersion = 13.4.1;
						TestTargetID = 661C828028F5AA920084AA89;
					};
					661C82A028F5AA930084AA89 = {
						CreatedOnToolsVersion = 13.4.1;
						TestTargetID = 661C828028F5AA920084AA89;
					};
				};
			};
			buildConfigurationList = 661C827C28F5AA920084AA89 /* Build configuration list for PBXProject "Hello world final project" */;
			compatibilityVersion = "Xcode 13.0";
			developmentRegion = en;
			hasScannedForEncodings = 0;
			knownRegions = (
				en,
				Base,
			);
			mainGroup = 661C827828F5AA920084AA89;
			productRefGroup = 661C828228F5AA920084AA89 /* Products */;
			projectDirPath = "";
			projectRoot = "";
			targets = (
				661C828028F5AA920084AA89 /* Hello world final project */,
				661C829628F5AA930084AA89 /* Hello world final projectTests */,
				661C82A028F5AA930084AA89 /* Hello world final projectUITests */,
			);
		};
/* End PBXProject section */

/* Begin PBXResourcesBuildPhase section */
		661C827F28F5AA920084AA89 /* Resources */ = {
			isa = PBXResourcesBuildPhase;
			buildActionMask = 2147483647;
			files = (
				661C829128F5AA930084AA89 /* LaunchScreen.storyboard in Resources */,
				661C828E28F5AA930084AA89 /* Assets.xcassets in Resources */,
				661C828C28F5AA920084AA89 /* Main.storyboard in Resources */,
			);
			runOnlyForDeploymentPostprocessing = 0;
		};
		661C829528F5AA930084AA89 /* Resources */ = {
			isa = PBXResourcesBuildPhase;
			buildActionMask = 2147483647;
			files = (
			);
			runOnlyForDeploymentPostprocessing = 0;
		};
		661C829F28F5AA930084AA89 /* Resources */ = {
			isa = PBXResourcesBuildPhase;
			buildActionMask = 2147483647;
			files = (
			);
			runOnlyForDeploymentPostprocessing = 0;
		};
/* End PBXResourcesBuildPhase section */

/* Begin PBXSourcesBuildPhase section */
		661C827D28F5AA920084AA89 /* Sources */ = {
			isa = PBXSourcesBuildPhase;
			buildActionMask = 2147483647;
			files = (
				661C828928F5AA920084AA89 /* ViewController.swift in Sources */,
				661C828528F5AA920084AA89 /* AppDelegate.swift in Sources */,
				661C828728F5AA920084AA89 /* SceneDelegate.swift in Sources */,
			);
			runOnlyForDeploymentPostprocessing = 0;
		};
		661C829328F5AA930084AA89 /* Sources */ = {
			isa = PBXSourcesBuildPhase;
			buildActionMask = 2147483647;
			files = (
				661C829C28F5AA930084AA89 /* Hello_world_final_projectTests.swift in Sources */,
			);
			runOnlyForDeploymentPostprocessing = 0;
		};
		661C829D28F5AA930084AA89 /* Sources */ = {
			isa = PBXSourcesBuildPhase;
			buildActionMask = 2147483647;
			files = (
				661C82A628F5AA930084AA89 /* Hello_world_final_projectUITests.swift in Sources */,
				661C82A828F5AA930084AA89 /* Hello_world_final_projectUITestsLaunchTests.swift in Sources */,
			);
			runOnlyForDeploymentPostprocessing = 0;
		};
/* End PBXSourcesBuildPhase section */

/* Begin PBXTargetDependency section */
		661C829928F5AA930084AA89 /* PBXTargetDependency */ = {
			isa = PBXTargetDependency;
			target = 661C828028F5AA920084AA89 /* Hello world final project */;
			targetProxy = 661C829828F5AA930084AA89 /* PBXContainerItemProxy */;
		};
		661C82A328F5AA930084AA89 /* PBXTargetDependency */ = {
			isa = PBXTargetDependency;
			target = 661C828028F5AA920084AA89 /* Hello world final project */;
			targetProxy = 661C82A228F5AA930084AA89 /* PBXContainerItemProxy */;
		};
/* End PBXTargetDependency section */

/* Begin PBXVariantGroup section */
		661C828A28F5AA920084AA89 /* Main.storyboard */ = {
			isa = PBXVariantGroup;
			children = (
				661C828B28F5AA920084AA89 /* Base */,
			);
			name = Main.storyboard;
			sourceTree = "<group>";
		};
		661C828F28F5AA930084AA89 /* LaunchScreen.storyboard */ = {
			isa = PBXVariantGroup;
			children = (
				661C829028F5AA930084AA89 /* Base */,
			);
			name = LaunchScreen.storyboard;
			sourceTree = "<group>";
		};
/* End PBXVariantGroup section */

/* Begin XCBuildConfiguration section */
		661C82A928F5AA930084AA89 /* Debug */ = {
			isa = XCBuildConfiguration;
			buildSettings = {
				ALWAYS_SEARCH_USER_PATHS = NO;
				CLANG_ANALYZER_NONNULL = YES;
				CLANG_ANALYZER_NUMBER_OBJECT_CONVERSION = YES_AGGRESSIVE;
				CLANG_CXX_LANGUAGE_STANDARD = "gnu++17";
				CLANG_ENABLE_MODULES = YES;
				CLANG_ENABLE_OBJC_ARC = YES;
				CLANG_ENABLE_OBJC_WEAK = YES;
				CLANG_WARN_BLOCK_CAPTURE_AUTORELEASING = YES;
				CLANG_WARN_BOOL_CONVERSION = YES;
				CLANG_WARN_COMMA = YES;
				CLANG_WARN_CONSTANT_CONVERSION = YES;
				CLANG_WARN_DEPRECATED_OBJC_IMPLEMENTATIONS = YES;
				CLANG_WARN_DIRECT_OBJC_ISA_USAGE = YES_ERROR;
				CLANG_WARN_DOCUMENTATION_COMMENTS = YES;
				CLANG_WARN_EMPTY_BODY = YES;
				CLANG_WARN_ENUM_CONVERSION = YES;
				CLANG_WARN_INFINITE_RECURSION = YES;
				CLANG_WARN_INT_CONVERSION = YES;
				CLANG_WARN_NON_LITERAL_NULL_CONVERSION = YES;
				CLANG_WARN_OBJC_IMPLICIT_RETAIN_SELF = YES;
				CLANG_WARN_OBJC_LITERAL_CONVERSION = YES;
				CLANG_WARN_OBJC_ROOT_CLASS = YES_ERROR;
				CLANG_WARN_QUOTED_INCLUDE_IN_FRAMEWORK_HEADER = YES;
				CLANG_WARN_RANGE_LOOP_ANALYSIS = YES;
				CLANG_WARN_STRICT_PROTOTYPES = YES;
				CLANG_WARN_SUSPICIOUS_MOVE = YES;
				CLANG_WARN_UNGUARDED_AVAILABILITY = YES_AGGRESSIVE;
				CLANG_WARN_UNREACHABLE_CODE = YES;
				CLANG_WARN__DUPLICATE_METHOD_MATCH = YES;
				COPY_PHASE_STRIP = NO;
				DEBUG_INFORMATION_FORMAT = dwarf;
				ENABLE_STRICT_OBJC_MSGSEND = YES;
				ENABLE_TESTABILITY = YES;
				GCC_C_LANGUAGE_STANDARD = gnu11;
				GCC_DYNAMIC_NO_PIC = NO;
				GCC_NO_COMMON_BLOCKS = YES;
				GCC_OPTIMIZATION_LEVEL = 0;
				GCC_PREPROCESSOR_DEFINITIONS = (
					"DEBUG=1",
					"$(inherited)",
				);
				GCC_WARN_64_TO_32_BIT_CONVERSION = YES;
				GCC_WARN_ABOUT_RETURN_TYPE = YES_ERROR;
				GCC_WARN_UNDECLARED_SELECTOR = YES;
				GCC_WARN_UNINITIALIZED_AUTOS = YES_AGGRESSIVE;
				GCC_WARN_UNUSED_FUNCTION = YES;
				GCC_WARN_UNUSED_VARIABLE = YES;
				IPHONEOS_DEPLOYMENT_TARGET = 15.5;
				MTL_ENABLE_DEBUG_INFO = INCLUDE_SOURCE;
				MTL_FAST_MATH = YES;
				ONLY_ACTIVE_ARCH = YES;
				SDKROOT = iphoneos;
				SWIFT_ACTIVE_COMPILATION_CONDITIONS = DEBUG;
				SWIFT_OPTIMIZATION_LEVEL = "-Onone";
			};
			name = Debug;
		};
		661C82AA28F5AA930084AA89 /* Release */ = {
			isa = XCBuildConfiguration;
			buildSettings = {
				ALWAYS_SEARCH_USER_PATHS = NO;
				CLANG_ANALYZER_NONNULL = YES;
				CLANG_ANALYZER_NUMBER_OBJECT_CONVERSION = YES_AGGRESSIVE;
				CLANG_CXX_LANGUAGE_STANDARD = "gnu++17";
				CLANG_ENABLE_MODULES = YES;
				CLANG_ENABLE_OBJC_ARC = YES;
				CLANG_ENABLE_OBJC_WEAK = YES;
				CLANG_WARN_BLOCK_CAPTURE_AUTORELEASING = YES;
				CLANG_WARN_BOOL_CONVERSION = YES;
				CLANG_WARN_COMMA = YES;
				CLANG_WARN_CONSTANT_CONVERSION = YES;
				CLANG_WARN_DEPRECATED_OBJC_IMPLEMENTATIONS = YES;
				CLANG_WARN_DIRECT_OBJC_ISA_USAGE = YES_ERROR;
				CLANG_WARN_DOCUMENTATION_COMMENTS = YES;
				CLANG_WARN_EMPTY_BODY = YES;
				CLANG_WARN_ENUM_CONVERSION = YES;
				CLANG_WARN_INFINITE_RECURSION = YES;
				CLANG_WARN_INT_CONVERSION = YES;
				CLANG_WARN_NON_LITERAL_NULL_CONVERSION = YES;
				CLANG_WARN_OBJC_IMPLICIT_RETAIN_SELF = YES;
				CLANG_WARN_OBJC_LITERAL_CONVERSION = YES;
				CLANG_WARN_OBJC_ROOT_CLASS = YES_ERROR;
				CLANG_WARN_QUOTED_INCLUDE_IN_FRAMEWORK_HEADER = YES;
				CLANG_WARN_RANGE_LOOP_ANALYSIS = YES;
				CLANG_WARN_STRICT_PROTOTYPES = YES;
				CLANG_WARN_SUSPICIOUS_MOVE = YES;
				CLANG_WARN_UNGUARDED_AVAILABILITY = YES_AGGRESSIVE;
				CLANG_WARN_UNREACHABLE_CODE = YES;
				CLANG_WARN__DUPLICATE_METHOD_MATCH = YES;
				COPY_PHASE_STRIP = NO;
				DEBUG_INFORMATION_FORMAT = "dwarf-with-dsym";
				ENABLE_NS_ASSERTIONS = NO;
				ENABLE_STRICT_OBJC_MSGSEND = YES;
				GCC_C_LANGUAGE_STANDARD = gnu11;
				GCC_NO_COMMON_BLOCKS = YES;
				GCC_WARN_64_TO_32_BIT_CONVERSION = YES;
				GCC_WARN_ABOUT_RETURN_TYPE = YES_ERROR;
				GCC_WARN_UNDECLARED_SELECTOR = YES;
				GCC_WARN_UNINITIALIZED_AUTOS = YES_AGGRESSIVE;
				GCC_WARN_UNUSED_FUNCTION = YES;
				GCC_WARN_UNUSED_VARIABLE = YES;
				IPHONEOS_DEPLOYMENT_TARGET = 15.5;
				MTL_ENABLE_DEBUG_INFO = NO;
				MTL_FAST_MATH = YES;
				SDKROOT = iphoneos;
				SWIFT_COMPILATION_MODE = wholemodule;
				SWIFT_OPTIMIZATION_LEVEL = "-O";
				VALIDATE_PRODUCT = YES;
			};
			name = Release;
		};
		661C82AC28F5AA930084AA89 /* Debug */ = {
			isa = XCBuildConfiguration;
			buildSettings = {
				ASSETCATALOG_COMPILER_APPICON_NAME = AppIcon;
				ASSETCATALOG_COMPILER_GLOBAL_ACCENT_COLOR_NAME = AccentColor;
				CODE_SIGN_STYLE = Automatic;
				CURRENT_PROJECT_VERSION = 1;
				DEVELOPMENT_TEAM = ZY7444Y7P3;
				GENERATE_INFOPLIST_FILE = YES;
				INFOPLIST_FILE = "Hello world final project/Info.plist";
				INFOPLIST_KEY_UIApplicationSupportsIndirectInputEvents = YES;
				INFOPLIST_KEY_UILaunchStoryboardName = LaunchScreen;
				INFOPLIST_KEY_UIMainStoryboardFile = Main;
				INFOPLIST_KEY_UISupportedInterfaceOrientations_iPad = "UIInterfaceOrientationPortrait UIInterfaceOrientationPortraitUpsideDown UIInterfaceOrientationLandscapeLeft UIInterfaceOrientationLandscapeRight";
				INFOPLIST_KEY_UISupportedInterfaceOrientations_iPhone = "UIInterfaceOrientationPortrait UIInterfaceOrientationLandscapeLeft UIInterfaceOrientationLandscapeRight";
				LD_RUNPATH_SEARCH_PATHS = (
					"$(inherited)",
					"@executable_path/Frameworks",
				);
				MARKETING_VERSION = 1.0;
				PRODUCT_BUNDLE_IDENTIFIER = "org.d127.230139.Hello-world-final-project";
				PRODUCT_NAME = "$(TARGET_NAME)";
				SWIFT_EMIT_LOC_STRINGS = YES;
				SWIFT_VERSION = 5.0;
				TARGETED_DEVICE_FAMILY = "1,2";
			};
			name = Debug;
		};
		661C82AD28F5AA930084AA89 /* Release */ = {
			isa = XCBuildConfiguration;
			buildSettings = {
				ASSETCATALOG_COMPILER_APPICON_NAME = AppIcon;
				ASSETCATALOG_COMPILER_GLOBAL_ACCENT_COLOR_NAME = AccentColor;
				CODE_SIGN_STYLE = Automatic;
				CURRENT_PROJECT_VERSION = 1;
				DEVELOPMENT_TEAM = ZY7444Y7P3;
				GENERATE_INFOPLIST_FILE = YES;
				INFOPLIST_FILE = "Hello world final project/Info.plist";
				INFOPLIST_KEY_UIApplicationSupportsIndirectInputEvents = YES;
				INFOPLIST_KEY_UILaunchStoryboardName = LaunchScreen;
				INFOPLIST_KEY_UIMainStoryboardFile = Main;
				INFOPLIST_KEY_UISupportedInterfaceOrientations_iPad = "UIInterfaceOrientationPortrait UIInterfaceOrientationPortraitUpsideDown UIInterfaceOrientationLandscapeLeft UIInterfaceOrientationLandscapeRight";
				INFOPLIST_KEY_UISupportedInterfaceOrientations_iPhone = "UIInterfaceOrientationPortrait UIInterfaceOrientationLandscapeLeft UIInterfaceOrientationLandscapeRight";
				LD_RUNPATH_SEARCH_PATHS = (
					"$(inherited)",
					"@executable_path/Frameworks",
				);
				MARKETING_VERSION = 1.0;
				PRODUCT_BUNDLE_IDENTIFIER = "org.d127.230139.Hello-world-final-project";
				PRODUCT_NAME = "$(TARGET_NAME)";
				SWIFT_EMIT_LOC_STRINGS = YES;
				SWIFT_VERSION = 5.0;
				TARGETED_DEVICE_FAMILY = "1,2";
			};
			name = Release;
		};
		661C82AF28F5AA930084AA89 /* Debug */ = {
			isa = XCBuildConfiguration;
			buildSettings = {
				ALWAYS_EMBED_SWIFT_STANDARD_LIBRARIES = YES;
				BUNDLE_LOADER = "$(TEST_HOST)";
				CODE_SIGN_STYLE = Automatic;
				CURRENT_PROJECT_VERSION = 1;
				DEVELOPMENT_TEAM = ZY7444Y7P3;
				GENERATE_INFOPLIST_FILE = YES;
				IPHONEOS_DEPLOYMENT_TARGET = 15.5;
				MARKETING_VERSION = 1.0;
				PRODUCT_BUNDLE_IDENTIFIER = "org.d127.230139.Hello-world-final-projectTests";
				PRODUCT_NAME = "$(TARGET_NAME)";
				SWIFT_EMIT_LOC_STRINGS = NO;
				SWIFT_VERSION = 5.0;
				TARGETED_DEVICE_FAMILY = "1,2";
				TEST_HOST = "$(BUILT_PRODUCTS_DIR)/Hello world final project.app/Hello world final project";
			};
			name = Debug;
		};
		661C82B028F5AA930084AA89 /* Release */ = {
			isa = XCBuildConfiguration;
			buildSettings = {
				ALWAYS_EMBED_SWIFT_STANDARD_LIBRARIES = YES;
				BUNDLE_LOADER = "$(TEST_HOST)";
				CODE_SIGN_STYLE = Automatic;
				CURRENT_PROJECT_VERSION = 1;
				DEVELOPMENT_TEAM = ZY7444Y7P3;
				GENERATE_INFOPLIST_FILE = YES;
				IPHONEOS_DEPLOYMENT_TARGET = 15.5;
				MARKETING_VERSION = 1.0;
				PRODUCT_BUNDLE_IDENTIFIER = "org.d127.230139.Hello-world-final-projectTests";
				PRODUCT_NAME = "$(TARGET_NAME)";
				SWIFT_EMIT_LOC_STRINGS = NO;
				SWIFT_VERSION = 5.0;
				TARGETED_DEVICE_FAMILY = "1,2";
				TEST_HOST = "$(BUILT_PRODUCTS_DIR)/Hello world final project.app/Hello world final project";
			};
			name = Release;
		};
		661C82B228F5AA930084AA89 /* Debug */ = {
			isa = XCBuildConfiguration;
			buildSettings = {
				ALWAYS_EMBED_SWIFT_STANDARD_LIBRARIES = YES;
				CODE_SIGN_STYLE = Automatic;
				CURRENT_PROJECT_VERSION = 1;
				DEVELOPMENT_TEAM = ZY7444Y7P3;
				GENERATE_INFOPLIST_FILE = YES;
				MARKETING_VERSION = 1.0;
				PRODUCT_BUNDLE_IDENTIFIER = "org.d127.230139.Hello-world-final-projectUITests";
				PRODUCT_NAME = "$(TARGET_NAME)";
				SWIFT_EMIT_LOC_STRINGS = NO;
				SWIFT_VERSION = 5.0;
				TARGETED_DEVICE_FAMILY = "1,2";
				TEST_TARGET_NAME = "Hello world final project";
			};
			name = Debug;
		};
		661C82B328F5AA930084AA89 /* Release */ = {
			isa = XCBuildConfiguration;
			buildSettings = {
				ALWAYS_EMBED_SWIFT_STANDARD_LIBRARIES = YES;
				CODE_SIGN_STYLE = Automatic;
				CURRENT_PROJECT_VERSION = 1;
				DEVELOPMENT_TEAM = ZY7444Y7P3;
				GENERATE_INFOPLIST_FILE = YES;
				MARKETING_VERSION = 1.0;
				PRODUCT_BUNDLE_IDENTIFIER = "org.d127.230139.Hello-world-final-projectUITests";
				PRODUCT_NAME = "$(TARGET_NAME)";
				SWIFT_EMIT_LOC_STRINGS = NO;
				SWIFT_VERSION = 5.0;
				TARGETED_DEVICE_FAMILY = "1,2";
				TEST_TARGET_NAME = "Hello world final project";
			};
			name = Release;
		};
/* End XCBuildConfiguration section */

/* Begin XCConfigurationList section */
		661C827C28F5AA920084AA89 /* Build configuration list for PBXProject "Hello world final project" */ = {
			isa = XCConfigurationList;
			buildConfigurations = (
				661C82A928F5AA930084AA89 /* Debug */,
				661C82AA28F5AA930084AA89 /* Release */,
			);
			defaultConfigurationIsVisible = 0;
			defaultConfigurationName = Release;
		};
		661C82AB28F5AA930084AA89 /* Build configuration list for PBXNativeTarget "Hello world final project" */ = {
			isa = XCConfigurationList;
			buildConfigurations = (
				661C82AC28F5AA930084AA89 /* Debug */,
				661C82AD28F5AA930084AA89 /* Release */,
			);
			defaultConfigurationIsVisible = 0;
			defaultConfigurationName = Release;
		};
		661C82AE28F5AA930084AA89 /* Build configuration list for PBXNativeTarget "Hello world final projectTests" */ = {
			isa = XCConfigurationList;
			buildConfigurations = (
				661C82AF28F5AA930084AA89 /* Debug */,
				661C82B028F5AA930084AA89 /* Release */,
			);
			defaultConfigurationIsVisible = 0;
			defaultConfigurationName = Release;
		};
		661C82B128F5AA930084AA89 /* Build configuration list for PBXNativeTarget "Hello world final projectUITests" */ = {
			isa = XCConfigurationList;
			buildConfigurations = (
				661C82B228F5AA930084AA89 /* Debug */,
				661C82B328F5AA930084AA89 /* Release */,
			);
			defaultConfigurationIsVisible = 0;
			defaultConfigurationName = Release;
		};
/* End XCConfigurationList section */
	};
	rootObject = 661C827928F5AA920084AA89 /* Project object */;
}
